
Microsoft Visual Studio Solution File, Format Version 12.00
# Visual Studio Version 16
VisualStudioVersion = 16.0.28809.33
MinimumVisualStudioVersion = 10.0.40219.1
Project("{9A19103F-16F7-4668-BE54-9A1E7A4F7556}") = "K_Akica.API.Contracts", "K_Akica.API.Contracts\K_Akica.API.Contracts.csproj", "{C7280EE2-A798-4526-A2A1-252050AFD0A1}"
EndProject
Project("{FAE04EC0-301F-11D3-BF4B-00C04F79EFBC}") = "K_Akica.API", "K_Akica.API\K_Akica.API.csproj", "{A1528EB2-D735-429E-ABA7-1792A5CAF003}"
EndProject
Global
	GlobalSection(SolutionConfigurationPlatforms) = preSolution
		Debug|Any CPU = Debug|Any CPU
		Release|Any CPU = Release|Any CPU
	EndGlobalSection
	GlobalSection(ProjectConfigurationPlatforms) = postSolution
		{C7280EE2-A798-4526-A2A1-252050AFD0A1}.Debug|Any CPU.ActiveCfg = Debug|Any CPU
		{C7280EE2-A798-4526-A2A1-252050AFD0A1}.Debug|Any CPU.Build.0 = Debug|Any CPU
		{C7280EE2-A798-4526-A2A1-252050AFD0A1}.Release|Any CPU.ActiveCfg = Release|Any CPU
		{C7280EE2-A798-4526-A2A1-252050AFD0A1}.Release|Any CPU.Build.0 = Release|Any CPU
		{A1528EB2-D735-429E-ABA7-1792A5CAF003}.Debug|Any CPU.ActiveCfg = Debug|Any CPU
		{A1528EB2-D735-429E-ABA7-1792A5CAF003}.Debug|Any CPU.Build.0 = Debug|Any CPU
		{A1528EB2-D735-429E-ABA7-1792A5CAF003}.Release|Any CPU.ActiveCfg = Release|Any CPU
		{A1528EB2-D735-429E-ABA7-1792A5CAF003}.Release|Any CPU.Build.0 = Release|Any CPU
	EndGlobalSection
	GlobalSection(SolutionProperties) = preSolution
		HideSolutionNode = FALSE
	EndGlobalSection
	GlobalSection(ExtensibilityGlobals) = postSolution
		SolutionGuid = {7B793168-8022-46D1-AE65-981D82FB7CDB}
	EndGlobalSection
EndGlobal
